
Microsoft Visual Studio Solution File, Format Version 12.00
# Visual Studio Express 2012 for Windows Desktop
Project("{FAE04EC0-301F-11D3-BF4B-00C04F79EFBC}") = "EntidadesAbstractas", "EntidadesAbstractas\EntidadesAbstractas.csproj", "{73796846-0806-41AE-B74E-15CB49E0C766}"
EndProject
Project("{FAE04EC0-301F-11D3-BF4B-00C04F79EFBC}") = "Archivos", "Archivos\Archivos.csproj", "{7BCCB375-2A4A-4CF1-B0D9-A2BDCD3FCCE0}"
EndProject
Project("{FAE04EC0-301F-11D3-BF4B-00C04F79EFBC}") = "EntidadesInstanciable", "EntidadesInstanciable\EntidadesInstanciable.csproj", "{08765A17-184C-424C-A8A7-BA14F911FA91}"
EndProject
Project("{FAE04EC0-301F-11D3-BF4B-00C04F79EFBC}") = "Excepciones", "Excepciones\Excepciones.csproj", "{54E5F2B9-42E4-4D83-915B-635E4F39D697}"
EndProject
Project("{FAE04EC0-301F-11D3-BF4B-00C04F79EFBC}") = "ConsoleApplication1", "ConsoleApplication1\ConsoleApplication1.csproj", "{19E6AAB1-8DE5-4033-AB6B-4446EF2A5508}"
EndProject
Global
	GlobalSection(SolutionConfigurationPlatforms) = preSolution
		Debug|Any CPU = Debug|Any CPU
		Release|Any CPU = Release|Any CPU
	EndGlobalSection
	GlobalSection(ProjectConfigurationPlatforms) = postSolution
		{73796846-0806-41AE-B74E-15CB49E0C766}.Debug|Any CPU.ActiveCfg = Debug|Any CPU
		{73796846-0806-41AE-B74E-15CB49E0C766}.Debug|Any CPU.Build.0 = Debug|Any CPU
		{73796846-0806-41AE-B74E-15CB49E0C766}.Release|Any CPU.ActiveCfg = Release|Any CPU
		{73796846-0806-41AE-B74E-15CB49E0C766}.Release|Any CPU.Build.0 = Release|Any CPU
		{7BCCB375-2A4A-4CF1-B0D9-A2BDCD3FCCE0}.Debug|Any CPU.ActiveCfg = Debug|Any CPU
		{7BCCB375-2A4A-4CF1-B0D9-A2BDCD3FCCE0}.Debug|Any CPU.Build.0 = Debug|Any CPU
		{7BCCB375-2A4A-4CF1-B0D9-A2BDCD3FCCE0}.Release|Any CPU.ActiveCfg = Release|Any CPU
		{7BCCB375-2A4A-4CF1-B0D9-A2BDCD3FCCE0}.Release|Any CPU.Build.0 = Release|Any CPU
		{08765A17-184C-424C-A8A7-BA14F911FA91}.Debug|Any CPU.ActiveCfg = Debug|Any CPU
		{08765A17-184C-424C-A8A7-BA14F911FA91}.Debug|Any CPU.Build.0 = Debug|Any CPU
		{08765A17-184C-424C-A8A7-BA14F911FA91}.Release|Any CPU.ActiveCfg = Release|Any CPU
		{08765A17-184C-424C-A8A7-BA14F911FA91}.Release|Any CPU.Build.0 = Release|Any CPU
		{54E5F2B9-42E4-4D83-915B-635E4F39D697}.Debug|Any CPU.ActiveCfg = Debug|Any CPU
		{54E5F2B9-42E4-4D83-915B-635E4F39D697}.Debug|Any CPU.Build.0 = Debug|Any CPU
		{54E5F2B9-42E4-4D83-915B-635E4F39D697}.Release|Any CPU.ActiveCfg = Release|Any CPU
		{54E5F2B9-42E4-4D83-915B-635E4F39D697}.Release|Any CPU.Build.0 = Release|Any CPU
		{19E6AAB1-8DE5-4033-AB6B-4446EF2A5508}.Debug|Any CPU.ActiveCfg = Debug|Any CPU
		{19E6AAB1-8DE5-4033-AB6B-4446EF2A5508}.Debug|Any CPU.Build.0 = Debug|Any CPU
		{19E6AAB1-8DE5-4033-AB6B-4446EF2A5508}.Release|Any CPU.ActiveCfg = Release|Any CPU
		{19E6AAB1-8DE5-4033-AB6B-4446EF2A5508}.Release|Any CPU.Build.0 = Release|Any CPU
	EndGlobalSection
	GlobalSection(SolutionProperties) = preSolution
		HideSolutionNode = FALSE
	EndGlobalSection
EndGlobal
